
Microsoft Visual Studio Solution File, Format Version 12.00
# Visual Studio Version 17
VisualStudioVersion = 17.11.35327.3
MinimumVisualStudioVersion = 10.0.40219.1
Project("{FAE04EC0-301F-11D3-BF4B-00C04F79EFBC}") = "NumberToWords", "NumberToWords\NumberToWords.csproj", "{EE315206-A96F-4178-9319-22924E02598E}"
EndProject
Project("{FAE04EC0-301F-11D3-BF4B-00C04F79EFBC}") = "MSTest", "MSTest\MSTest.csproj", "{7357C801-DBEF-41E7-AE29-75475572787C}"
EndProject
Global
	GlobalSection(SolutionConfigurationPlatforms) = preSolution
		Debug|Any CPU = Debug|Any CPU
		Release|Any CPU = Release|Any CPU
	EndGlobalSection
	GlobalSection(ProjectConfigurationPlatforms) = postSolution
		{EE315206-A96F-4178-9319-22924E02598E}.Debug|Any CPU.ActiveCfg = Debug|Any CPU
		{EE315206-A96F-4178-9319-22924E02598E}.Debug|Any CPU.Build.0 = Debug|Any CPU
		{EE315206-A96F-4178-9319-22924E02598E}.Release|Any CPU.ActiveCfg = Release|Any CPU
		{EE315206-A96F-4178-9319-22924E02598E}.Release|Any CPU.Build.0 = Release|Any CPU
		{7357C801-DBEF-41E7-AE29-75475572787C}.Debug|Any CPU.ActiveCfg = Debug|Any CPU
		{7357C801-DBEF-41E7-AE29-75475572787C}.Debug|Any CPU.Build.0 = Debug|Any CPU
		{7357C801-DBEF-41E7-AE29-75475572787C}.Release|Any CPU.ActiveCfg = Release|Any CPU
		{7357C801-DBEF-41E7-AE29-75475572787C}.Release|Any CPU.Build.0 = Release|Any CPU
	EndGlobalSection
	GlobalSection(SolutionProperties) = preSolution
		HideSolutionNode = FALSE
	EndGlobalSection
	GlobalSection(ExtensibilityGlobals) = postSolution
		SolutionGuid = {8D038D20-FA04-4319-B004-3E285CEAD470}
	EndGlobalSection
EndGlobal
